
Microsoft Visual Studio Solution File, Format Version 12.00
# Visual Studio Version 16
VisualStudioVersion = 16.0.30717.126
MinimumVisualStudioVersion = 10.0.40219.1
Project("{8BC9CEB8-8B4A-11D0-8D11-00A0C91BC942}") = "12_2_1", "12_2_1\12_2_1.vcxproj", "{AE1711D2-2D3A-4B91-A0EB-26C3BBC4417C}"
EndProject
Global
	GlobalSection(SolutionConfigurationPlatforms) = preSolution
		Debug|x64 = Debug|x64
		Debug|x86 = Debug|x86
		Release|x64 = Release|x64
		Release|x86 = Release|x86
	EndGlobalSection
	GlobalSection(ProjectConfigurationPlatforms) = postSolution
		{AE1711D2-2D3A-4B91-A0EB-26C3BBC4417C}.Debug|x64.ActiveCfg = Debug|x64
		{AE1711D2-2D3A-4B91-A0EB-26C3BBC4417C}.Debug|x64.Build.0 = Debug|x64
		{AE1711D2-2D3A-4B91-A0EB-26C3BBC4417C}.Debug|x86.ActiveCfg = Debug|Win32
		{AE1711D2-2D3A-4B91-A0EB-26C3BBC4417C}.Debug|x86.Build.0 = Debug|Win32
		{AE1711D2-2D3A-4B91-A0EB-26C3BBC4417C}.Release|x64.ActiveCfg = Release|x64
		{AE1711D2-2D3A-4B91-A0EB-26C3BBC4417C}.Release|x64.Build.0 = Release|x64
		{AE1711D2-2D3A-4B91-A0EB-26C3BBC4417C}.Release|x86.ActiveCfg = Release|Win32
		{AE1711D2-2D3A-4B91-A0EB-26C3BBC4417C}.Release|x86.Build.0 = Release|Win32
	EndGlobalSection
	GlobalSection(SolutionProperties) = preSolution
		HideSolutionNode = FALSE
	EndGlobalSection
	GlobalSection(ExtensibilityGlobals) = postSolution
		SolutionGuid = {AEA036AA-EFEA-49D5-B7A9-9B361F2DAF47}
	EndGlobalSection
EndGlobal
